
Microsoft Visual Studio Solution File, Format Version 12.00
# Visual Studio Version 17
VisualStudioVersion = 17.4.33110.190
MinimumVisualStudioVersion = 10.0.40219.1
Project("{FAE04EC0-301F-11D3-BF4B-00C04F79EFBC}") = "Kursach", "Kursach\Kursach.csproj", "{DB8D2FA3-28AE-46E8-96C5-5053FFCECC9A}"
EndProject
Global
	GlobalSection(SolutionConfigurationPlatforms) = preSolution
		Debug|Any CPU = Debug|Any CPU
		Release|Any CPU = Release|Any CPU
	EndGlobalSection
	GlobalSection(ProjectConfigurationPlatforms) = postSolution
		{DB8D2FA3-28AE-46E8-96C5-5053FFCECC9A}.Debug|Any CPU.ActiveCfg = Debug|Any CPU
		{DB8D2FA3-28AE-46E8-96C5-5053FFCECC9A}.Debug|Any CPU.Build.0 = Debug|Any CPU
		{DB8D2FA3-28AE-46E8-96C5-5053FFCECC9A}.Release|Any CPU.ActiveCfg = Release|Any CPU
		{DB8D2FA3-28AE-46E8-96C5-5053FFCECC9A}.Release|Any CPU.Build.0 = Release|Any CPU
	EndGlobalSection
	GlobalSection(SolutionProperties) = preSolution
		HideSolutionNode = FALSE
	EndGlobalSection
	GlobalSection(ExtensibilityGlobals) = postSolution
		SolutionGuid = {50C8A65C-BF3F-4139-A52D-6C8E4812DD49}
	EndGlobalSection
EndGlobal
